
Microsoft Visual Studio Solution File, Format Version 12.00
# Visual Studio Version 17
VisualStudioVersion = 17.9.34616.47
MinimumVisualStudioVersion = 10.0.40219.1
Project("{FAE04EC0-301F-11D3-BF4B-00C04F79EFBC}") = "Lab1_Task2", "Lab1_Task2\Lab1_Task2.csproj", "{EF55C981-27E5-4448-B697-4D1EB7092287}"
EndProject
Global
	GlobalSection(SolutionConfigurationPlatforms) = preSolution
		Debug|Any CPU = Debug|Any CPU
		Release|Any CPU = Release|Any CPU
	EndGlobalSection
	GlobalSection(ProjectConfigurationPlatforms) = postSolution
		{EF55C981-27E5-4448-B697-4D1EB7092287}.Debug|Any CPU.ActiveCfg = Debug|Any CPU
		{EF55C981-27E5-4448-B697-4D1EB7092287}.Debug|Any CPU.Build.0 = Debug|Any CPU
		{EF55C981-27E5-4448-B697-4D1EB7092287}.Release|Any CPU.ActiveCfg = Release|Any CPU
		{EF55C981-27E5-4448-B697-4D1EB7092287}.Release|Any CPU.Build.0 = Release|Any CPU
	EndGlobalSection
	GlobalSection(SolutionProperties) = preSolution
		HideSolutionNode = FALSE
	EndGlobalSection
	GlobalSection(ExtensibilityGlobals) = postSolution
		SolutionGuid = {CE15181C-C612-40D2-B139-58CFD69E126F}
	EndGlobalSection
EndGlobal
